// !$*UTF8*$!
{
	archiveVersion = 1;
	classes = {
	};
	objectVersion = 50;
	objects = {

/* Begin PBXBuildFile section */
		31EF62A121AAF56A00EAF4FB /* AppDelegate.swift in Sources */ = {isa = PBXBuildFile; fileRef = 31EF62A021AAF56A00EAF4FB /* AppDelegate.swift */; };
		31EF62A321AAF56A00EAF4FB /* ViewController.swift in Sources */ = {isa = PBXBuildFile; fileRef = 31EF62A221AAF56A00EAF4FB /* ViewController.swift */; };
		31EF62A621AAF56A00EAF4FB /* Main.storyboard in Resources */ = {isa = PBXBuildFile; fileRef = 31EF62A421AAF56A00EAF4FB /* Main.storyboard */; };
		31EF62A821AAF56B00EAF4FB /* Assets.xcassets in Resources */ = {isa = PBXBuildFile; fileRef = 31EF62A721AAF56B00EAF4FB /* Assets.xcassets */; };
		31EF62AB21AAF56B00EAF4FB /* LaunchScreen.storyboard in Resources */ = {isa = PBXBuildFile; fileRef = 31EF62A921AAF56B00EAF4FB /* LaunchScreen.storyboard */; };
		9C6997E8958010A2DA4E976C /* Pods_Calorie_Fixes.framework in Frameworks */ = {isa = PBXBuildFile; fileRef = 576697532B0CA512CBEF37E7 /* Pods_Calorie_Fixes.framework */; };
/* End PBXBuildFile section */

/* Begin PBXFileReference section */
		1000FD6F35935D90FC25E2A9 /* Pods-Calorie Fixes.release.xcconfig */ = {isa = PBXFileReference; includeInIndex = 1; lastKnownFileType = text.xcconfig; name = "Pods-Calorie Fixes.release.xcconfig"; path = "Pods/Target Support Files/Pods-Calorie Fixes/Pods-Calorie Fixes.release.xcconfig"; sourceTree = "<group>"; };
		31EF629D21AAF56A00EAF4FB /* Calorie Fixes.app */ = {isa = PBXFileReference; explicitFileType = wrapper.application; includeInIndex = 0; path = "Calorie Fixes.app"; sourceTree = BUILT_PRODUCTS_DIR; };
		31EF62A021AAF56A00EAF4FB /* AppDelegate.swift */ = {isa = PBXFileReference; lastKnownFileType = sourcecode.swift; path = AppDelegate.swift; sourceTree = "<group>"; };
		31EF62A221AAF56A00EAF4FB /* ViewController.swift */ = {isa = PBXFileReference; lastKnownFileType = sourcecode.swift; path = ViewController.swift; sourceTree = "<group>"; };
		31EF62A521AAF56A00EAF4FB /* Base */ = {isa = PBXFileReference; lastKnownFileType = file.storyboard; name = Base; path = Base.lproj/Main.storyboard; sourceTree = "<group>"; };
		31EF62A721AAF56B00EAF4FB /* Assets.xcassets */ = {isa = PBXFileReference; lastKnownFileType = folder.assetcatalog; path = Assets.xcassets; sourceTree = "<group>"; };
		31EF62AA21AAF56B00EAF4FB /* Base */ = {isa = PBXFileReference; lastKnownFileType = file.storyboard; name = Base; path = Base.lproj/LaunchScreen.storyboard; sourceTree = "<group>"; };
		31EF62AC21AAF56B00EAF4FB /* Info.plist */ = {isa = PBXFileReference; lastKnownFileType = text.plist.xml; path = Info.plist; sourceTree = "<group>"; };
		576697532B0CA512CBEF37E7 /* Pods_Calorie_Fixes.framework */ = {isa = PBXFileReference; explicitFileType = wrapper.framework; includeInIndex = 0; path = Pods_Calorie_Fixes.framework; sourceTree = BUILT_PRODUCTS_DIR; };
		6F0450A0F062DA7175D21E45 /* Pods-Calorie Fixes.debug.xcconfig */ = {isa = PBXFileReference; includeInIndex = 1; lastKnownFileType = text.xcconfig; name = "Pods-Calorie Fixes.debug.xcconfig"; path = "Pods/Target Support Files/Pods-Calorie Fixes/Pods-Calorie Fixes.debug.xcconfig"; sourceTree = "<group>"; };
/* End PBXFileReference section */

/* Begin PBXFrameworksBuildPhase section */
		31EF629A21AAF56A00EAF4FB /* Frameworks */ = {
			isa = PBXFrameworksBuildPhase;
			buildActionMask = 2147483647;
			files = (
				9C6997E8958010A2DA4E976C /* Pods_Calorie_Fixes.framework in Frameworks */,
			);
			runOnlyForDeploymentPostprocessing = 0;
		};
/* End PBXFrameworksBuildPhase section */

/* Begin PBXGroup section */
		31EF629421AAF56A00EAF4FB = {
			isa = PBXGroup;
			children = (
				31EF629F21AAF56A00EAF4FB /* Calorie Fixes */,
				31EF629E21AAF56A00EAF4FB /* Products */,
				41D5DB421E32D27121B751B9 /* Pods */,
				D6AD1BB896B414DF21867C80 /* Frameworks */,
			);
			sourceTree = "<group>";
		};
		31EF629E21AAF56A00EAF4FB /* Products */ = {
			isa = PBXGroup;
			children = (
				31EF629D21AAF56A00EAF4FB /* Calorie Fixes.app */,
			);
			name = Products;
			sourceTree = "<group>";
		};
		31EF629F21AAF56A00EAF4FB /* Calorie Fixes */ = {
			isa = PBXGroup;
			children = (
				31EF62A021AAF56A00EAF4FB /* AppDelegate.swift */,
				31EF62A221AAF56A00EAF4FB /* ViewController.swift */,
				31EF62A421AAF56A00EAF4FB /* Main.storyboard */,
				31EF62A721AAF56B00EAF4FB /* Assets.xcassets */,
				31EF62A921AAF56B00EAF4FB /* LaunchScreen.storyboard */,
				31EF62AC21AAF56B00EAF4FB /* Info.plist */,
			);
			path = "Calorie Fixes";
			sourceTree = "<group>";
		};
		41D5DB421E32D27121B751B9 /* Pods */ = {
			isa = PBXGroup;
			children = (
				6F0450A0F062DA7175D21E45 /* Pods-Calorie Fixes.debug.xcconfig */,
				1000FD6F35935D90FC25E2A9 /* Pods-Calorie Fixes.release.xcconfig */,
			);
			name = Pods;
			sourceTree = "<group>";
		};
		D6AD1BB896B414DF21867C80 /* Frameworks */ = {
			isa = PBXGroup;
			children = (
				576697532B0CA512CBEF37E7 /* Pods_Calorie_Fixes.framework */,
			);
			name = Frameworks;
			sourceTree = "<group>";
		};
/* End PBXGroup section */

/* Begin PBXNativeTarget section */
		31EF629C21AAF56A00EAF4FB /* Calorie Fixes */ = {
			isa = PBXNativeTarget;
			buildConfigurationList = 31EF62AF21AAF56B00EAF4FB /* Build configuration list for PBXNativeTarget "Calorie Fixes" */;
			buildPhases = (
				2C07D8BEC3DF4BC897424C62 /* [CP] Check Pods Manifest.lock */,
				31EF629921AAF56A00EAF4FB /* Sources */,
				31EF629A21AAF56A00EAF4FB /* Frameworks */,
				31EF629B21AAF56A00EAF4FB /* Resources */,
				428E6B86ED8BB784DFA25757 /* [CP] Embed Pods Frameworks */,
			);
			buildRules = (
			);
			dependencies = (
			);
			name = "Calorie Fixes";
			productName = "Calorie Fixes";
			productReference = 31EF629D21AAF56A00EAF4FB /* Calorie Fixes.app */;
			productType = "com.apple.product-type.application";
		};
/* End PBXNativeTarget section */

/* Begin PBXProject section */
		31EF629521AAF56A00EAF4FB /* Project object */ = {
			isa = PBXProject;
			attributes = {
				LastSwiftUpdateCheck = 1010;
				LastUpgradeCheck = 1010;
				ORGANIZATIONNAME = SalmanOS;
				TargetAttributes = {
					31EF629C21AAF56A00EAF4FB = {
						CreatedOnToolsVersion = 10.1;
					};
				};
			};
			buildConfigurationList = 31EF629821AAF56A00EAF4FB /* Build configuration list for PBXProject "Calorie Fixes" */;
			compatibilityVersion = "Xcode 9.3";
			developmentRegion = en;
			hasScannedForEncodings = 0;
			knownRegions = (
				en,
				Base,
			);
			mainGroup = 31EF629421AAF56A00EAF4FB;
			productRefGroup = 31EF629E21AAF56A00EAF4FB /* Products */;
			projectDirPath = "";
			projectRoot = "";
			targets = (
				31EF629C21AAF56A00EAF4FB /* Calorie Fixes */,
			);
		};
/* End PBXProject section */

/* Begin PBXResourcesBuildPhase section */
		31EF629B21AAF56A00EAF4FB /* Resources */ = {
			isa = PBXResourcesBuildPhase;
			buildActionMask = 2147483647;
			files = (
				31EF62AB21AAF56B00EAF4FB /* LaunchScreen.storyboard in Resources */,
				31EF62A821AAF56B00EAF4FB /* Assets.xcassets in Resources */,
				31EF62A621AAF56A00EAF4FB /* Main.storyboard in Resources */,
			);
			runOnlyForDeploymentPostprocessing = 0;
		};
/* End PBXResourcesBuildPhase section */

/* Begin PBXShellScriptBuildPhase section */
		2C07D8BEC3DF4BC897424C62 /* [CP] Check Pods Manifest.lock */ = {
			isa = PBXShellScriptBuildPhase;
			buildActionMask = 2147483647;
			files = (
			);
			inputFileListPaths = (
			);
			inputPaths = (
				"${PODS_PODFILE_DIR_PATH}/Podfile.lock",
				"${PODS_ROOT}/Manifest.lock",
			);
			name = "[CP] Check Pods Manifest.lock";
			outputFileListPaths = (
			);
			outputPaths = (
				"$(DERIVED_FILE_DIR)/Pods-Calorie Fixes-checkManifestLockResult.txt",
			);
			runOnlyForDeploymentPostprocessing = 0;
			shellPath = /bin/sh;
			shellScript = "diff \"${PODS_PODFILE_DIR_PATH}/Podfile.lock\" \"${PODS_ROOT}/Manifest.lock\" > /dev/null\nif [ $? != 0 ] ; then\n    # print error to STDERR\n    echo \"error: The sandbox is not in sync with the Podfile.lock. Run 'pod install' or update your CocoaPods installation.\" >&2\n    exit 1\nfi\n# This output is used by Xcode 'outputs' to avoid re-running this script phase.\necho \"SUCCESS\" > \"${SCRIPT_OUTPUT_FILE_0}\"\n";
			showEnvVarsInLog = 0;
		};
		428E6B86ED8BB784DFA25757 /* [CP] Embed Pods Frameworks */ = {
			isa = PBXShellScriptBuildPhase;
			buildActionMask = 2147483647;
			files = (
			);
			inputFileListPaths = (
			);
			inputPaths = (
				"${SRCROOT}/Pods/Target Support Files/Pods-Calorie Fixes/Pods-Calorie Fixes-frameworks.sh",
				"${BUILT_PRODUCTS_DIR}/Alamofire/Alamofire.framework",
				"${BUILT_PRODUCTS_DIR}/ChameleonFramework/ChameleonFramework.framework",
				"${BUILT_PRODUCTS_DIR}/GTMSessionFetcher/GTMSessionFetcher.framework",
				"${BUILT_PRODUCTS_DIR}/GoogleUtilities/GoogleUtilities.framework",
				"${BUILT_PRODUCTS_DIR}/SVProgressHUD/SVProgressHUD.framework",
				"${BUILT_PRODUCTS_DIR}/SwiftyJSON/SwiftyJSON.framework",
				"${BUILT_PRODUCTS_DIR}/leveldb-library/leveldb.framework",
				"${BUILT_PRODUCTS_DIR}/nanopb/nanopb.framework",
			);
			name = "[CP] Embed Pods Frameworks";
			outputFileListPaths = (
			);
			outputPaths = (
				"${TARGET_BUILD_DIR}/${FRAMEWORKS_FOLDER_PATH}/Alamofire.framework",
				"${TARGET_BUILD_DIR}/${FRAMEWORKS_FOLDER_PATH}/ChameleonFramework.framework",
				"${TARGET_BUILD_DIR}/${FRAMEWORKS_FOLDER_PATH}/GTMSessionFetcher.framework",
				"${TARGET_BUILD_DIR}/${FRAMEWORKS_FOLDER_PATH}/GoogleUtilities.framework",
				"${TARGET_BUILD_DIR}/${FRAMEWORKS_FOLDER_PATH}/SVProgressHUD.framework",
				"${TARGET_BUILD_DIR}/${FRAMEWORKS_FOLDER_PATH}/SwiftyJSON.framework",
				"${TARGET_BUILD_DIR}/${FRAMEWORKS_FOLDER_PATH}/leveldb.framework",
				"${TARGET_BUILD_DIR}/${FRAMEWORKS_FOLDER_PATH}/nanopb.framework",
			);
			runOnlyForDeploymentPostprocessing = 0;
			shellPath = /bin/sh;
			shellScript = "\"${SRCROOT}/Pods/Target Support Files/Pods-Calorie Fixes/Pods-Calorie Fixes-frameworks.sh\"\n";
			showEnvVarsInLog = 0;
		};
/* End PBXShellScriptBuildPhase section */

/* Begin PBXSourcesBuildPhase section */
		31EF629921AAF56A00EAF4FB /* Sources */ = {
			isa = PBXSourcesBuildPhase;
			buildActionMask = 2147483647;
			files = (
				31EF62A321AAF56A00EAF4FB /* ViewController.swift in Sources */,
				31EF62A121AAF56A00EAF4FB /* AppDelegate.swift in Sources */,
			);
			runOnlyForDeploymentPostprocessing = 0;
		};
/* End PBXSourcesBuildPhase section */

/* Begin PBXVariantGroup section */
		31EF62A421AAF56A00EAF4FB /* Main.storyboard */ = {
			isa = PBXVariantGroup;
			children = (
				31EF62A521AAF56A00EAF4FB /* Base */,
			);
			name = Main.storyboard;
			sourceTree = "<group>";
		};
		31EF62A921AAF56B00EAF4FB /* LaunchScreen.storyboard */ = {
			isa = PBXVariantGroup;
			children = (
				31EF62AA21AAF56B00EAF4FB /* Base */,
			);
			name = LaunchScreen.storyboard;
			sourceTree = "<group>";
		};
/* End PBXVariantGroup section */

/* Begin XCBuildConfiguration section */
		31EF62AD21AAF56B00EAF4FB /* Debug */ = {
			isa = XCBuildConfiguration;
			buildSettings = {
				ALWAYS_SEARCH_USER_PATHS = NO;
				CLANG_ANALYZER_NONNULL = YES;
				CLANG_ANALYZER_NUMBER_OBJECT_CONVERSION = YES_AGGRESSIVE;
				CLANG_CXX_LANGUAGE_STANDARD = "gnu++14";
				CLANG_CXX_LIBRARY = "libc++";
				CLANG_ENABLE_MODULES = YES;
				CLANG_ENABLE_OBJC_ARC = YES;
				CLANG_ENABLE_OBJC_WEAK = YES;
				CLANG_WARN_BLOCK_CAPTURE_AUTORELEASING = YES;
				CLANG_WARN_BOOL_CONVERSION = YES;
				CLANG_WARN_COMMA = YES;
				CLANG_WARN_CONSTANT_CONVERSION = YES;
				CLANG_WARN_DEPRECATED_OBJC_IMPLEMENTATIONS = YES;
				CLANG_WARN_DIRECT_OBJC_ISA_USAGE = YES_ERROR;
				CLANG_WARN_DOCUMENTATION_COMMENTS = YES;
				CLANG_WARN_EMPTY_BODY = YES;
				CLANG_WARN_ENUM_CONVERSION = YES;
				CLANG_WARN_INFINITE_RECURSION = YES;
				CLANG_WARN_INT_CONVERSION = YES;
				CLANG_WARN_NON_LITERAL_NULL_CONVERSION = YES;
				CLANG_WARN_OBJC_IMPLICIT_RETAIN_SELF = YES;
				CLANG_WARN_OBJC_LITERAL_CONVERSION = YES;
				CLANG_WARN_OBJC_ROOT_CLASS = YES_ERROR;
				CLANG_WARN_RANGE_LOOP_ANALYSIS = YES;
				CLANG_WARN_STRICT_PROTOTYPES = YES;
				CLANG_WARN_SUSPICIOUS_MOVE = YES;
				CLANG_WARN_UNGUARDED_AVAILABILITY = YES_AGGRESSIVE;
				CLANG_WARN_UNREACHABLE_CODE = YES;
				CLANG_WARN__DUPLICATE_METHOD_MATCH = YES;
				CODE_SIGN_IDENTITY = "iPhone Developer";
				COPY_PHASE_STRIP = NO;
				DEBUG_INFORMATION_FORMAT = dwarf;
				ENABLE_STRICT_OBJC_MSGSEND = YES;
				ENABLE_TESTABILITY = YES;
				GCC_C_LANGUAGE_STANDARD = gnu11;
				GCC_DYNAMIC_NO_PIC = NO;
				GCC_NO_COMMON_BLOCKS = YES;
				GCC_OPTIMIZATION_LEVEL = 0;
				GCC_PREPROCESSOR_DEFINITIONS = (
					"DEBUG=1",
					"$(inherited)",
				);
				GCC_WARN_64_TO_32_BIT_CONVERSION = YES;
				GCC_WARN_ABOUT_RETURN_TYPE = YES_ERROR;
				GCC_WARN_UNDECLARED_SELECTOR = YES;
				GCC_WARN_UNINITIALIZED_AUTOS = YES_AGGRESSIVE;
				GCC_WARN_UNUSED_FUNCTION = YES;
				GCC_WARN_UNUSED_VARIABLE = YES;
				IPHONEOS_DEPLOYMENT_TARGET = 12.1;
				MTL_ENABLE_DEBUG_INFO = INCLUDE_SOURCE;
				MTL_FAST_MATH = YES;
				ONLY_ACTIVE_ARCH = YES;
				SDKROOT = iphoneos;
				SWIFT_ACTIVE_COMPILATION_CONDITIONS = DEBUG;
				SWIFT_OPTIMIZATION_LEVEL = "-Onone";
			};
			name = Debug;
		};
		31EF62AE21AAF56B00EAF4FB /* Release */ = {
			isa = XCBuildConfiguration;
			buildSettings = {
				ALWAYS_SEARCH_USER_PATHS = NO;
				CLANG_ANALYZER_NONNULL = YES;
				CLANG_ANALYZER_NUMBER_OBJECT_CONVERSION = YES_AGGRESSIVE;
				CLANG_CXX_LANGUAGE_STANDARD = "gnu++14";
				CLANG_CXX_LIBRARY = "libc++";
				CLANG_ENABLE_MODULES = YES;
				CLANG_ENABLE_OBJC_ARC = YES;
				CLANG_ENABLE_OBJC_WEAK = YES;
				CLANG_WARN_BLOCK_CAPTURE_AUTORELEASING = YES;
				CLANG_WARN_BOOL_CONVERSION = YES;
				CLANG_WARN_COMMA = YES;
				CLANG_WARN_CONSTANT_CONVERSION = YES;
				CLANG_WARN_DEPRECATED_OBJC_IMPLEMENTATIONS = YES;
				CLANG_WARN_DIRECT_OBJC_ISA_USAGE = YES_ERROR;
				CLANG_WARN_DOCUMENTATION_COMMENTS = YES;
				CLANG_WARN_EMPTY_BODY = YES;
				CLANG_WARN_ENUM_CONVERSION = YES;
				CLANG_WARN_INFINITE_RECURSION = YES;
				CLANG_WARN_INT_CONVERSION = YES;
				CLANG_WARN_NON_LITERAL_NULL_CONVERSION = YES;
				CLANG_WARN_OBJC_IMPLICIT_RETAIN_SELF = YES;
				CLANG_WARN_OBJC_LITERAL_CONVERSION = YES;
				CLANG_WARN_OBJC_ROOT_CLASS = YES_ERROR;
				CLANG_WARN_RANGE_LOOP_ANALYSIS = YES;
				CLANG_WARN_STRICT_PROTOTYPES = YES;
				CLANG_WARN_SUSPICIOUS_MOVE = YES;
				CLANG_WARN_UNGUARDED_AVAILABILITY = YES_AGGRESSIVE;
				CLANG_WARN_UNREACHABLE_CODE = YES;
				CLANG_WARN__DUPLICATE_METHOD_MATCH = YES;
				CODE_SIGN_IDENTITY = "iPhone Developer";
				COPY_PHASE_STRIP = NO;
				DEBUG_INFORMATION_FORMAT = "dwarf-with-dsym";
				ENABLE_NS_ASSERTIONS = NO;
				ENABLE_STRICT_OBJC_MSGSEND = YES;
				GCC_C_LANGUAGE_STANDARD = gnu11;
				GCC_NO_COMMON_BLOCKS = YES;
				GCC_WARN_64_TO_32_BIT_CONVERSION = YES;
				GCC_WARN_ABOUT_RETURN_TYPE = YES_ERROR;
				GCC_WARN_UNDECLARED_SELECTOR = YES;
				GCC_WARN_UNINITIALIZED_AUTOS = YES_AGGRESSIVE;
				GCC_WARN_UNUSED_FUNCTION = YES;
				GCC_WARN_UNUSED_VARIABLE = YES;
				IPHONEOS_DEPLOYMENT_TARGET = 12.1;
				MTL_ENABLE_DEBUG_INFO = NO;
				MTL_FAST_MATH = YES;
				SDKROOT = iphoneos;
				SWIFT_COMPILATION_MODE = wholemodule;
				SWIFT_OPTIMIZATION_LEVEL = "-O";
				VALIDATE_PRODUCT = YES;
			};
			name = Release;
		};
		31EF62B021AAF56B00EAF4FB /* Debug */ = {
			isa = XCBuildConfiguration;
			baseConfigurationReference = 6F0450A0F062DA7175D21E45 /* Pods-Calorie Fixes.debug.xcconfig */;
			buildSettings = {
				ASSETCATALOG_COMPILER_APPICON_NAME = AppIcon;
				CODE_SIGN_STYLE = Automatic;
				INFOPLIST_FILE = "Calorie Fixes/Info.plist";
				LD_RUNPATH_SEARCH_PATHS = (
					"$(inherited)",
					"@executable_path/Frameworks",
				);
				PRODUCT_BUNDLE_IDENTIFIER = "com.SalmanSaadChowdhury.Calorie-Fixes";
				PRODUCT_NAME = "$(TARGET_NAME)";
				SWIFT_VERSION = 4.2;
				TARGETED_DEVICE_FAMILY = "1,2";
			};
			name = Debug;
		};
		31EF62B121AAF56B00EAF4FB /* Release */ = {
			isa = XCBuildConfiguration;
			baseConfigurationReference = 1000FD6F35935D90FC25E2A9 /* Pods-Calorie Fixes.release.xcconfig */;
			buildSettings = {
				ASSETCATALOG_COMPILER_APPICON_NAME = AppIcon;
				CODE_SIGN_STYLE = Automatic;
				INFOPLIST_FILE = "Calorie Fixes/Info.plist";
				LD_RUNPATH_SEARCH_PATHS = (
					"$(inherited)",
					"@executable_path/Frameworks",
				);
				PRODUCT_BUNDLE_IDENTIFIER = "com.SalmanSaadChowdhury.Calorie-Fixes";
				PRODUCT_NAME = "$(TARGET_NAME)";
				SWIFT_VERSION = 4.2;
				TARGETED_DEVICE_FAMILY = "1,2";
			};
			name = Release;
		};
/* End XCBuildConfiguration section */

/* Begin XCConfigurationList section */
		31EF629821AAF56A00EAF4FB /* Build configuration list for PBXProject "Calorie Fixes" */ = {
			isa = XCConfigurationList;
			buildConfigurations = (
				31EF62AD21AAF56B00EAF4FB /* Debug */,
				31EF62AE21AAF56B00EAF4FB /* Release */,
			);
			defaultConfigurationIsVisible = 0;
			defaultConfigurationName = Release;
		};
		31EF62AF21AAF56B00EAF4FB /* Build configuration list for PBXNativeTarget "Calorie Fixes" */ = {
			isa = XCConfigurationList;
			buildConfigurations = (
				31EF62B021AAF56B00EAF4FB /* Debug */,
				31EF62B121AAF56B00EAF4FB /* Release */,
			);
			defaultConfigurationIsVisible = 0;
			defaultConfigurationName = Release;
		};
/* End XCConfigurationList section */
	};
	rootObject = 31EF629521AAF56A00EAF4FB /* Project object */;
}
